<?xml version="1.0" encoding="utf-8"?>
<Project ToolsVersion="4.0" xmlns="http://schemas.microsoft.com/developer/msbuild/2003">
  <ItemGroup>
    <Filter Include="Source Files">
      <UniqueIdentifier>{4FC737F1-C7A5-4376-A066-2A32D752A2FF}</UniqueIdentifier>
      <Extensions>cpp;c;cc;cxx;c++;cppm;ixx;def;odl;idl;hpj;bat;asm;asmx</Extensions>
    </Filter>
    <Filter Include="Header Files">
      <UniqueIdentifier>{93995380-89BD-4b04-88EB-625FBE52EBFB}</UniqueIdentifier>
      <Extensions>h;hh;hpp;hxx;h++;hm;inl;inc;ipp;xsd</Extensions>
    </Filter>
    <Filter Include="Resource Files">
      <UniqueIdentifier>{67DA6AB6-F800-4c08-8B7A-83BB121AAD01}</UniqueIdentifier>
      <Extensions>rc;ico;cur;bmp;dlg;rc2;rct;bin;rgs;gif;jpg;jpeg;jpe;resx;tiff;tif;png;wav;mfcribbon-ms</Extensions>
    </Filter>
    <Filter Include="Header Files\API">
      <UniqueIdentifier>{1eb00721-fbae-44fd-a9a3-d1fe2f1bd528}</UniqueIdentifier>
    </Filter>
    <Filter Include="Header Files\API\Exceptions">
      <UniqueIdentifier>{5d51eebc-52bd-4af8-b71c-7ad023f6d1af}</UniqueIdentifier>
    </Filter>
    <Filter Include="Source Files\Pieces">
      <UniqueIdentifier>{df3498a1-35a6-4755-9a91-89c878c23998}</UniqueIdentifier>
    </Filter>
    <Filter Include="Source Files\Exceptions">
      <UniqueIdentifier>{83cc8220-cbf7-4e6c-bfd5-a8a1aae858b0}</UniqueIdentifier>
    </Filter>
    <Filter Include="Header Files\Pieces">
      <UniqueIdentifier>{ca71fb11-4e84-41e5-a5f0-a2523140db1f}</UniqueIdentifier>
    </Filter>
    <Filter Include="Header Files\PGN">
      <UniqueIdentifier>{17a496cd-33c1-4a70-9285-8e1cb9e29159}</UniqueIdentifier>
    </Filter>
    <Filter Include="Source Files\PGN">
      <UniqueIdentifier>{4cde0d91-8465-4d9f-85c3-4511a4af8c6a}</UniqueIdentifier>
    </Filter>
    <Filter Include="Header Files\File Related">
      <UniqueIdentifier>{18fb9de5-fe1d-4dfe-9f12-d7ec10f265b5}</UniqueIdentifier>
    </Filter>
    <Filter Include="Header Files\Timer">
      <UniqueIdentifier>{385412cd-c5f8-4f5a-9447-f51df061a903}</UniqueIdentifier>
    </Filter>
    <Filter Include="Source Files\Timer">
      <UniqueIdentifier>{4461c7a7-8907-475b-8eae-b829971345ad}</UniqueIdentifier>
    </Filter>
  </ItemGroup>
  <ItemGroup>
    <ClCompile Include="Piece.cpp">
      <Filter>Source Files\Pieces</Filter>
    </ClCompile>
    <ClCompile Include="Bishop.cpp">
      <Filter>Source Files\Pieces</Filter>
    </ClCompile>
    <ClCompile Include="King.cpp">
      <Filter>Source Files\Pieces</Filter>
    </ClCompile>
    <ClCompile Include="Knight.cpp">
      <Filter>Source Files\Pieces</Filter>
    </ClCompile>
    <ClCompile Include="Pawn.cpp">
      <Filter>Source Files\Pieces</Filter>
    </ClCompile>
    <ClCompile Include="Queen.cpp">
      <Filter>Source Files\Pieces</Filter>
    </ClCompile>
    <ClCompile Include="Rook.cpp">
      <Filter>Source Files\Pieces</Filter>
    </ClCompile>
    <ClCompile Include="PieceInfo.cpp">
      <Filter>Source Files\Pieces</Filter>
    </ClCompile>
    <ClCompile Include="ChessException.cpp">
      <Filter>Source Files\Exceptions</Filter>
    </ClCompile>
    <ClCompile Include="DoesntExistException.cpp">
      <Filter>Source Files\Exceptions</Filter>
    </ClCompile>
    <ClCompile Include="InTheWayException.cpp">
      <Filter>Source Files\Exceptions</Filter>
    </ClCompile>
    <ClCompile Include="MoveException.cpp">
      <Filter>Source Files\Exceptions</Filter>
    </ClCompile>
    <ClCompile Include="PositionException.cpp">
      <Filter>Source Files\Exceptions</Filter>
    </ClCompile>
    <ClCompile Include="PromoteException.cpp">
      <Filter>Source Files\Exceptions</Filter>
    </ClCompile>
    <ClCompile Include="StillCheckException.cpp">
      <Filter>Source Files\Exceptions</Filter>
    </ClCompile>
    <ClCompile Include="TurnException.cpp">
      <Filter>Source Files\Exceptions</Filter>
    </ClCompile>
    <ClCompile Include="Game.cpp">
      <Filter>Source Files</Filter>
    </ClCompile>
    <ClCompile Include="Board.cpp">
      <Filter>Source Files</Filter>
    </ClCompile>
    <ClCompile Include="FENException.cpp">
      <Filter>Source Files\Exceptions</Filter>
    </ClCompile>
    <ClCompile Include="PGNException.cpp">
      <Filter>Source Files\Exceptions</Filter>
    </ClCompile>
    <ClCompile Include="PGNHandler.cpp">
      <Filter>Source Files\PGN</Filter>
    </ClCompile>
    <ClCompile Include="FileUtils.cpp">
      <Filter>Source Files</Filter>
    </ClCompile>
    <ClCompile Include="Position.cpp">
      <Filter>Source Files</Filter>
    </ClCompile>
    <ClCompile Include="Timer.cpp">
      <Filter>Source Files\Timer</Filter>
    </ClCompile>
  </ItemGroup>
  <ItemGroup>
    <ClInclude Include="Game.h">
      <Filter>Header Files</Filter>
    </ClInclude>
    <ClInclude Include="Board.h">
      <Filter>Header Files</Filter>
    </ClInclude>
    <ClInclude Include="IGame.h">
      <Filter>Header Files\API</Filter>
    </ClInclude>
    <ClInclude Include="Position.h">
      <Filter>Header Files\API</Filter>
    </ClInclude>
    <ClInclude Include="EPieceType.h">
      <Filter>Header Files\API</Filter>
    </ClInclude>
    <ClInclude Include="EColor.h">
      <Filter>Header Files\API</Filter>
    </ClInclude>
    <ClInclude Include="IPieceInfo.h">
      <Filter>Header Files\API</Filter>
    </ClInclude>
    <ClInclude Include="EState.h">
      <Filter>Header Files</Filter>
    </ClInclude>
    <ClInclude Include="BoardExceptions.h">
      <Filter>Header Files\API\Exceptions</Filter>
    </ClInclude>
    <ClInclude Include="GameExceptions.h">
      <Filter>Header Files\API\Exceptions</Filter>
    </ClInclude>
    <ClInclude Include="ChessException.h">
      <Filter>Header Files\API\Exceptions</Filter>
    </ClInclude>
    <ClInclude Include="InTheWayException.h">
      <Filter>Header Files\API\Exceptions</Filter>
    </ClInclude>
    <ClInclude Include="MoveException.h">
      <Filter>Header Files\API\Exceptions</Filter>
    </ClInclude>
    <ClInclude Include="PromoteException.h">
      <Filter>Header Files\API\Exceptions</Filter>
    </ClInclude>
    <ClInclude Include="PositionException.h">
      <Filter>Header Files\API\Exceptions</Filter>
    </ClInclude>
    <ClInclude Include="StillCheckException.h">
      <Filter>Header Files\API\Exceptions</Filter>
    </ClInclude>
    <ClInclude Include="TurnException.h">
      <Filter>Header Files\API\Exceptions</Filter>
    </ClInclude>
    <ClInclude Include="IGameListener.h">
      <Filter>Header Files\API</Filter>
    </ClInclude>
    <ClInclude Include="EOverState.h">
      <Filter>Header Files\API</Filter>
    </ClInclude>
    <ClInclude Include="Bishop.h">
      <Filter>Header Files\Pieces</Filter>
    </ClInclude>
    <ClInclude Include="King.h">
      <Filter>Header Files\Pieces</Filter>
    </ClInclude>
    <ClInclude Include="Pawn.h">
      <Filter>Header Files\Pieces</Filter>
    </ClInclude>
    <ClInclude Include="Knight.h">
      <Filter>Header Files\Pieces</Filter>
    </ClInclude>
    <ClInclude Include="Piece.h">
      <Filter>Header Files\Pieces</Filter>
    </ClInclude>
    <ClInclude Include="PieceInfo.h">
      <Filter>Header Files\Pieces</Filter>
    </ClInclude>
    <ClInclude Include="Queen.h">
      <Filter>Header Files\Pieces</Filter>
    </ClInclude>
    <ClInclude Include="Rook.h">
      <Filter>Header Files\Pieces</Filter>
    </ClInclude>
    <ClInclude Include="IPiece.h">
      <Filter>Header Files\Pieces</Filter>
    </ClInclude>
    <ClInclude Include="DoesntExistException.h">
      <Filter>Header Files\API\Exceptions</Filter>
    </ClInclude>
    <ClInclude Include="PGNException.h">
      <Filter>Header Files\API\Exceptions</Filter>
    </ClInclude>
    <ClInclude Include="FENException.h">
      <Filter>Header Files\API\Exceptions</Filter>
    </ClInclude>
    <ClInclude Include="PGNHandler.h">
      <Filter>Header Files\PGN</Filter>
    </ClInclude>
    <ClInclude Include="IGameStatus.h">
      <Filter>Header Files\API</Filter>
    </ClInclude>
    <ClInclude Include="FileUtils.h">
      <Filter>Header Files\File Related</Filter>
    </ClInclude>
    <ClInclude Include="Timer.h">
      <Filter>Header Files\Timer</Filter>
    </ClInclude>
    <ClInclude Include="Thread.h">
      <Filter>Header Files\Timer</Filter>
    </ClInclude>
  </ItemGroup>
</Project>