
Microsoft Visual Studio Solution File, Format Version 12.00
# Visual Studio Version 16
VisualStudioVersion = 16.0.33801.447
MinimumVisualStudioVersion = 10.0.40219.1
Project("{8BC9CEB8-8B4A-11D0-8D11-00A0C91BC942}") = "GameLib", "GameLib\GameLib.vcxproj", "{58DFD0BA-F2C4-4B5B-AD84-7F074F1A2A6C}"
EndProject
Project("{8BC9CEB8-8B4A-11D0-8D11-00A0C91BC942}") = "GameConsole", "GameConsole\GameConsole.vcxproj", "{43A6A9CF-C185-483E-BDB8-511AE9EBD81C}"
	ProjectSection(ProjectDependencies) = postProject
		{58DFD0BA-F2C4-4B5B-AD84-7F074F1A2A6C} = {58DFD0BA-F2C4-4B5B-AD84-7F074F1A2A6C}
	EndProjectSection
EndProject
Project("{8BC9CEB8-8B4A-11D0-8D11-00A0C91BC942}") = "GameTest", "GameTest\GameTest.vcxproj", "{50381389-BCC9-4BD9-9260-8E5E13AE6C0C}"
	ProjectSection(ProjectDependencies) = postProject
		{58DFD0BA-F2C4-4B5B-AD84-7F074F1A2A6C} = {58DFD0BA-F2C4-4B5B-AD84-7F074F1A2A6C}
	EndProjectSection
EndProject
Global
	GlobalSection(SolutionConfigurationPlatforms) = preSolution
		Debug|x64 = Debug|x64
		Debug|x86 = Debug|x86
		Release|x64 = Release|x64
		Release|x86 = Release|x86
	EndGlobalSection
	GlobalSection(ProjectConfigurationPlatforms) = postSolution
		{58DFD0BA-F2C4-4B5B-AD84-7F074F1A2A6C}.Debug|x64.ActiveCfg = Debug|x64
		{58DFD0BA-F2C4-4B5B-AD84-7F074F1A2A6C}.Debug|x64.Build.0 = Debug|x64
		{58DFD0BA-F2C4-4B5B-AD84-7F074F1A2A6C}.Debug|x86.ActiveCfg = Debug|Win32
		{58DFD0BA-F2C4-4B5B-AD84-7F074F1A2A6C}.Debug|x86.Build.0 = Debug|Win32
		{58DFD0BA-F2C4-4B5B-AD84-7F074F1A2A6C}.Release|x64.ActiveCfg = Release|x64
		{58DFD0BA-F2C4-4B5B-AD84-7F074F1A2A6C}.Release|x64.Build.0 = Release|x64
		{58DFD0BA-F2C4-4B5B-AD84-7F074F1A2A6C}.Release|x86.ActiveCfg = Release|Win32
		{58DFD0BA-F2C4-4B5B-AD84-7F074F1A2A6C}.Release|x86.Build.0 = Release|Win32
		{43A6A9CF-C185-483E-BDB8-511AE9EBD81C}.Debug|x64.ActiveCfg = Debug|x64
		{43A6A9CF-C185-483E-BDB8-511AE9EBD81C}.Debug|x64.Build.0 = Debug|x64
		{43A6A9CF-C185-483E-BDB8-511AE9EBD81C}.Debug|x86.ActiveCfg = Debug|Win32
		{43A6A9CF-C185-483E-BDB8-511AE9EBD81C}.Debug|x86.Build.0 = Debug|Win32
		{43A6A9CF-C185-483E-BDB8-511AE9EBD81C}.Release|x64.ActiveCfg = Release|x64
		{43A6A9CF-C185-483E-BDB8-511AE9EBD81C}.Release|x64.Build.0 = Release|x64
		{43A6A9CF-C185-483E-BDB8-511AE9EBD81C}.Release|x86.ActiveCfg = Release|Win32
		{43A6A9CF-C185-483E-BDB8-511AE9EBD81C}.Release|x86.Build.0 = Release|Win32
		{50381389-BCC9-4BD9-9260-8E5E13AE6C0C}.Debug|x64.ActiveCfg = Debug|x64
		{50381389-BCC9-4BD9-9260-8E5E13AE6C0C}.Debug|x64.Build.0 = Debug|x64
		{50381389-BCC9-4BD9-9260-8E5E13AE6C0C}.Debug|x86.ActiveCfg = Debug|Win32
		{50381389-BCC9-4BD9-9260-8E5E13AE6C0C}.Debug|x86.Build.0 = Debug|Win32
		{50381389-BCC9-4BD9-9260-8E5E13AE6C0C}.Release|x64.ActiveCfg = Release|x64
		{50381389-BCC9-4BD9-9260-8E5E13AE6C0C}.Release|x64.Build.0 = Release|x64
		{50381389-BCC9-4BD9-9260-8E5E13AE6C0C}.Release|x86.ActiveCfg = Release|Win32
		{50381389-BCC9-4BD9-9260-8E5E13AE6C0C}.Release|x86.Build.0 = Release|Win32
	EndGlobalSection
	GlobalSection(SolutionProperties) = preSolution
		HideSolutionNode = FALSE
	EndGlobalSection
	GlobalSection(ExtensibilityGlobals) = postSolution
		SolutionGuid = {9469E3D1-4D7A-4A81-A0CC-8C0BD00022CB}
	EndGlobalSection
EndGlobal
